
Microsoft Visual Studio Solution File, Format Version 12.00
# Visual Studio Version 17
VisualStudioVersion = 17.10.35027.167
MinimumVisualStudioVersion = 10.0.40219.1
Project("{2150E333-8FDC-42A3-9474-1A3956D46DE8}") = "src", "src", "{B0935E63-8112-489E-AF8D-AF41A8B93944}"
EndProject
Project("{2150E333-8FDC-42A3-9474-1A3956D46DE8}") = "tests", "tests", "{5108392F-2E18-403B-A099-BFD9F009D0B2}"
EndProject
Project("{2150E333-8FDC-42A3-9474-1A3956D46DE8}") = "Core", "Core", "{64F05BBA-BAE7-4DAC-9B87-EBC843C422DA}"
EndProject
Project("{2150E333-8FDC-42A3-9474-1A3956D46DE8}") = "Extenals", "Extenals", "{B2CDF357-2B88-4EC8-9A5E-76AB46385DA2}"
EndProject
Project("{2150E333-8FDC-42A3-9474-1A3956D46DE8}") = "Presentation", "Presentation", "{E00B1A9E-6B26-427F-AB95-67416BFA98EE}"
EndProject
Project("{2150E333-8FDC-42A3-9474-1A3956D46DE8}") = "Web", "Web", "{7D58307D-A462-49E7-AD55-258703409789}"
EndProject
Project("{2150E333-8FDC-42A3-9474-1A3956D46DE8}") = "Domain", "Domain", "{77BA7EFB-8C21-481A-8DDC-F29EC932973E}"
EndProject
Project("{2150E333-8FDC-42A3-9474-1A3956D46DE8}") = "Application", "Application", "{CABAF719-B3DE-4A9F-A6F8-6F36D5C644AB}"
EndProject
Project("{2150E333-8FDC-42A3-9474-1A3956D46DE8}") = "Infrastructure", "Infrastructure", "{D0BB7FBE-7F65-4B78-9B5E-4F673676A840}"
EndProject
Project("{FAE04EC0-301F-11D3-BF4B-00C04F79EFBC}") = "CleanArchi.Domain", "CleanArchi.Domain\CleanArchi.Domain.csproj", "{7372D4EC-DA50-4A6D-B422-A63ED3DC03B7}"
EndProject
Project("{FAE04EC0-301F-11D3-BF4B-00C04F79EFBC}") = "CleanArchi.Application", "CleanArchi.Application\CleanArchi.Application.csproj", "{D86C5DF6-233F-4241-82F9-77C2930F0184}"
EndProject
Project("{FAE04EC0-301F-11D3-BF4B-00C04F79EFBC}") = "CleanArchi.Infrastructure", "CleanArchi.Infrastructure\CleanArchi.Infrastructure.csproj", "{966DA9B4-B1DA-4C34-8178-B01DAC8A5677}"
EndProject
Project("{FAE04EC0-301F-11D3-BF4B-00C04F79EFBC}") = "CleanArchi.Presentation", "CleanArchi.Presentation\CleanArchi.Presentation.csproj", "{E4EB6FF0-D592-4095-A5E6-90B542093F11}"
EndProject
Project("{FAE04EC0-301F-11D3-BF4B-00C04F79EFBC}") = "CleanArchi.Api", "CleanArchi.Api\CleanArchi.Api.csproj", "{ACB6943E-36AC-4CA6-987D-BA5E16DF1A92}"
EndProject
Project("{2150E333-8FDC-42A3-9474-1A3956D46DE8}") = "Archi", "Archi", "{D8BBBCE0-AA0E-4C48-A1FF-5A92BE71BCF1}"
EndProject
Project("{2150E333-8FDC-42A3-9474-1A3956D46DE8}") = "E2E", "E2E", "{C4450021-CFB4-4B9F-B36E-0C04F2FC4408}"
EndProject
Project("{FAE04EC0-301F-11D3-BF4B-00C04F79EFBC}") = "CleanArchi.ArchitectureTests", "CleanArchi.ArchitectureTests\CleanArchi.ArchitectureTests.csproj", "{25DC2BC1-778F-4C5F-AE64-713CBC76819A}"
EndProject
Project("{2150E333-8FDC-42A3-9474-1A3956D46DE8}") = "Éléments de solution", "Éléments de solution", "{38A8C7C0-5BBF-4C04-B7D0-00574D9D979D}"
	ProjectSection(SolutionItems) = preProject
		Directory.Build.props = Directory.Build.props
	EndProjectSection
EndProject
Global
	GlobalSection(SolutionConfigurationPlatforms) = preSolution
		Debug|Any CPU = Debug|Any CPU
		Release|Any CPU = Release|Any CPU
	EndGlobalSection
	GlobalSection(ProjectConfigurationPlatforms) = postSolution
		{7372D4EC-DA50-4A6D-B422-A63ED3DC03B7}.Debug|Any CPU.ActiveCfg = Debug|Any CPU
		{7372D4EC-DA50-4A6D-B422-A63ED3DC03B7}.Debug|Any CPU.Build.0 = Debug|Any CPU
		{7372D4EC-DA50-4A6D-B422-A63ED3DC03B7}.Release|Any CPU.ActiveCfg = Release|Any CPU
		{7372D4EC-DA50-4A6D-B422-A63ED3DC03B7}.Release|Any CPU.Build.0 = Release|Any CPU
		{D86C5DF6-233F-4241-82F9-77C2930F0184}.Debug|Any CPU.ActiveCfg = Debug|Any CPU
		{D86C5DF6-233F-4241-82F9-77C2930F0184}.Debug|Any CPU.Build.0 = Debug|Any CPU
		{D86C5DF6-233F-4241-82F9-77C2930F0184}.Release|Any CPU.ActiveCfg = Release|Any CPU
		{D86C5DF6-233F-4241-82F9-77C2930F0184}.Release|Any CPU.Build.0 = Release|Any CPU
		{966DA9B4-B1DA-4C34-8178-B01DAC8A5677}.Debug|Any CPU.ActiveCfg = Debug|Any CPU
		{966DA9B4-B1DA-4C34-8178-B01DAC8A5677}.Debug|Any CPU.Build.0 = Debug|Any CPU
		{966DA9B4-B1DA-4C34-8178-B01DAC8A5677}.Release|Any CPU.ActiveCfg = Release|Any CPU
		{966DA9B4-B1DA-4C34-8178-B01DAC8A5677}.Release|Any CPU.Build.0 = Release|Any CPU
		{E4EB6FF0-D592-4095-A5E6-90B542093F11}.Debug|Any CPU.ActiveCfg = Debug|Any CPU
		{E4EB6FF0-D592-4095-A5E6-90B542093F11}.Debug|Any CPU.Build.0 = Debug|Any CPU
		{E4EB6FF0-D592-4095-A5E6-90B542093F11}.Release|Any CPU.ActiveCfg = Release|Any CPU
		{E4EB6FF0-D592-4095-A5E6-90B542093F11}.Release|Any CPU.Build.0 = Release|Any CPU
		{ACB6943E-36AC-4CA6-987D-BA5E16DF1A92}.Debug|Any CPU.ActiveCfg = Debug|Any CPU
		{ACB6943E-36AC-4CA6-987D-BA5E16DF1A92}.Debug|Any CPU.Build.0 = Debug|Any CPU
		{ACB6943E-36AC-4CA6-987D-BA5E16DF1A92}.Release|Any CPU.ActiveCfg = Release|Any CPU
		{ACB6943E-36AC-4CA6-987D-BA5E16DF1A92}.Release|Any CPU.Build.0 = Release|Any CPU
		{25DC2BC1-778F-4C5F-AE64-713CBC76819A}.Debug|Any CPU.ActiveCfg = Debug|Any CPU
		{25DC2BC1-778F-4C5F-AE64-713CBC76819A}.Debug|Any CPU.Build.0 = Debug|Any CPU
		{25DC2BC1-778F-4C5F-AE64-713CBC76819A}.Release|Any CPU.ActiveCfg = Release|Any CPU
		{25DC2BC1-778F-4C5F-AE64-713CBC76819A}.Release|Any CPU.Build.0 = Release|Any CPU
	EndGlobalSection
	GlobalSection(SolutionProperties) = preSolution
		HideSolutionNode = FALSE
	EndGlobalSection
	GlobalSection(NestedProjects) = preSolution
		{64F05BBA-BAE7-4DAC-9B87-EBC843C422DA} = {B0935E63-8112-489E-AF8D-AF41A8B93944}
		{B2CDF357-2B88-4EC8-9A5E-76AB46385DA2} = {B0935E63-8112-489E-AF8D-AF41A8B93944}
		{E00B1A9E-6B26-427F-AB95-67416BFA98EE} = {B0935E63-8112-489E-AF8D-AF41A8B93944}
		{7D58307D-A462-49E7-AD55-258703409789} = {B0935E63-8112-489E-AF8D-AF41A8B93944}
		{77BA7EFB-8C21-481A-8DDC-F29EC932973E} = {64F05BBA-BAE7-4DAC-9B87-EBC843C422DA}
		{CABAF719-B3DE-4A9F-A6F8-6F36D5C644AB} = {64F05BBA-BAE7-4DAC-9B87-EBC843C422DA}
		{D0BB7FBE-7F65-4B78-9B5E-4F673676A840} = {B2CDF357-2B88-4EC8-9A5E-76AB46385DA2}
		{7372D4EC-DA50-4A6D-B422-A63ED3DC03B7} = {77BA7EFB-8C21-481A-8DDC-F29EC932973E}
		{D86C5DF6-233F-4241-82F9-77C2930F0184} = {CABAF719-B3DE-4A9F-A6F8-6F36D5C644AB}
		{966DA9B4-B1DA-4C34-8178-B01DAC8A5677} = {D0BB7FBE-7F65-4B78-9B5E-4F673676A840}
		{E4EB6FF0-D592-4095-A5E6-90B542093F11} = {E00B1A9E-6B26-427F-AB95-67416BFA98EE}
		{ACB6943E-36AC-4CA6-987D-BA5E16DF1A92} = {7D58307D-A462-49E7-AD55-258703409789}
		{D8BBBCE0-AA0E-4C48-A1FF-5A92BE71BCF1} = {5108392F-2E18-403B-A099-BFD9F009D0B2}
		{C4450021-CFB4-4B9F-B36E-0C04F2FC4408} = {5108392F-2E18-403B-A099-BFD9F009D0B2}
		{25DC2BC1-778F-4C5F-AE64-713CBC76819A} = {D8BBBCE0-AA0E-4C48-A1FF-5A92BE71BCF1}
	EndGlobalSection
	GlobalSection(ExtensibilityGlobals) = postSolution
		SolutionGuid = {1B88270D-A5FC-4619-8028-E40A71512921}
	EndGlobalSection
EndGlobal
